
Microsoft Visual Studio Solution File, Format Version 12.00
# Visual Studio 15
VisualStudioVersion = 15.0.27703.2047
MinimumVisualStudioVersion = 10.0.40219.1
Project("{FAE04EC0-301F-11D3-BF4B-00C04F79EFBC}") = "AIWizard", "AIWizard\AIWizard.csproj", "{757D85C5-075F-4204-90BA-2728E80781CB}"
EndProject
Global
	GlobalSection(SolutionConfigurationPlatforms) = preSolution
		Debug|Any CPU = Debug|Any CPU
		Release|Any CPU = Release|Any CPU
	EndGlobalSection
	GlobalSection(ProjectConfigurationPlatforms) = postSolution
		{757D85C5-075F-4204-90BA-2728E80781CB}.Debug|Any CPU.ActiveCfg = Debug|Any CPU
		{757D85C5-075F-4204-90BA-2728E80781CB}.Debug|Any CPU.Build.0 = Debug|Any CPU
		{757D85C5-075F-4204-90BA-2728E80781CB}.Release|Any CPU.ActiveCfg = Release|Any CPU
		{757D85C5-075F-4204-90BA-2728E80781CB}.Release|Any CPU.Build.0 = Release|Any CPU
	EndGlobalSection
	GlobalSection(SolutionProperties) = preSolution
		HideSolutionNode = FALSE
	EndGlobalSection
	GlobalSection(ExtensibilityGlobals) = postSolution
		SolutionGuid = {2E02BC96-D89C-4C04-B28A-92BA65B7ED75}
	EndGlobalSection
EndGlobal
